
Microsoft Visual Studio Solution File, Format Version 12.00
# Visual Studio Version 16
VisualStudioVersion = 16.0.31424.327
MinimumVisualStudioVersion = 10.0.40219.1
Project("{FAE04EC0-301F-11D3-BF4B-00C04F79EFBC}") = "ParcialApp", "ParcialApp\ParcialApp.csproj", "{4449AC6D-2182-43D5-9B8C-5465BE5B1A16}"
EndProject
Global
	GlobalSection(SolutionConfigurationPlatforms) = preSolution
		Debug|Any CPU = Debug|Any CPU
		Release|Any CPU = Release|Any CPU
	EndGlobalSection
	GlobalSection(ProjectConfigurationPlatforms) = postSolution
		{4449AC6D-2182-43D5-9B8C-5465BE5B1A16}.Debug|Any CPU.ActiveCfg = Debug|Any CPU
		{4449AC6D-2182-43D5-9B8C-5465BE5B1A16}.Debug|Any CPU.Build.0 = Debug|Any CPU
		{4449AC6D-2182-43D5-9B8C-5465BE5B1A16}.Release|Any CPU.ActiveCfg = Release|Any CPU
		{4449AC6D-2182-43D5-9B8C-5465BE5B1A16}.Release|Any CPU.Build.0 = Release|Any CPU
	EndGlobalSection
	GlobalSection(SolutionProperties) = preSolution
		HideSolutionNode = FALSE
	EndGlobalSection
	GlobalSection(ExtensibilityGlobals) = postSolution
		SolutionGuid = {DE4FC4DF-4D7A-4C39-A81F-F82F381B9B4F}
	EndGlobalSection
EndGlobal
