
Microsoft Visual Studio Solution File, Format Version 12.00
# Visual Studio Version 17
VisualStudioVersion = 17.4.33213.308
MinimumVisualStudioVersion = 10.0.40219.1
Project("{FAE04EC0-301F-11D3-BF4B-00C04F79EFBC}") = "CarpinteriaApp", "CarpinteriaApp.csproj", "{1511C53B-0A7A-4DC5-BEC5-902AD4A08B34}"
EndProject
Global
	GlobalSection(SolutionConfigurationPlatforms) = preSolution
		Debug|Any CPU = Debug|Any CPU
		Release|Any CPU = Release|Any CPU
	EndGlobalSection
	GlobalSection(ProjectConfigurationPlatforms) = postSolution
		{1511C53B-0A7A-4DC5-BEC5-902AD4A08B34}.Debug|Any CPU.ActiveCfg = Debug|Any CPU
		{1511C53B-0A7A-4DC5-BEC5-902AD4A08B34}.Debug|Any CPU.Build.0 = Debug|Any CPU
		{1511C53B-0A7A-4DC5-BEC5-902AD4A08B34}.Release|Any CPU.ActiveCfg = Release|Any CPU
		{1511C53B-0A7A-4DC5-BEC5-902AD4A08B34}.Release|Any CPU.Build.0 = Release|Any CPU
	EndGlobalSection
	GlobalSection(SolutionProperties) = preSolution
		HideSolutionNode = FALSE
	EndGlobalSection
	GlobalSection(ExtensibilityGlobals) = postSolution
		SolutionGuid = {14D69699-69DE-4AE9-8992-6DDEA5500930}
	EndGlobalSection
EndGlobal
