
Microsoft Visual Studio Solution File, Format Version 12.00
# Visual Studio Version 17
VisualStudioVersion = 17.5.33414.496
MinimumVisualStudioVersion = 10.0.40219.1
Project("{FAE04EC0-301F-11D3-BF4B-00C04F79EFBC}") = "ProduccionAPI", "..\ProduccionAPI\ProduccionAPI.csproj", "{BA575F01-B24A-40CE-84F9-347F91890DA5}"
EndProject
Project("{FAE04EC0-301F-11D3-BF4B-00C04F79EFBC}") = "ProduccionBack", "..\ProduccionBack\ProduccionBack.csproj", "{67625D50-8581-49C3-83D9-E1EBD3BC6D69}"
EndProject
Global
	GlobalSection(SolutionConfigurationPlatforms) = preSolution
		Debug|Any CPU = Debug|Any CPU
		Release|Any CPU = Release|Any CPU
	EndGlobalSection
	GlobalSection(ProjectConfigurationPlatforms) = postSolution
		{BA575F01-B24A-40CE-84F9-347F91890DA5}.Debug|Any CPU.ActiveCfg = Debug|Any CPU
		{BA575F01-B24A-40CE-84F9-347F91890DA5}.Debug|Any CPU.Build.0 = Debug|Any CPU
		{BA575F01-B24A-40CE-84F9-347F91890DA5}.Release|Any CPU.ActiveCfg = Release|Any CPU
		{BA575F01-B24A-40CE-84F9-347F91890DA5}.Release|Any CPU.Build.0 = Release|Any CPU
		{67625D50-8581-49C3-83D9-E1EBD3BC6D69}.Debug|Any CPU.ActiveCfg = Debug|Any CPU
		{67625D50-8581-49C3-83D9-E1EBD3BC6D69}.Debug|Any CPU.Build.0 = Debug|Any CPU
		{67625D50-8581-49C3-83D9-E1EBD3BC6D69}.Release|Any CPU.ActiveCfg = Release|Any CPU
		{67625D50-8581-49C3-83D9-E1EBD3BC6D69}.Release|Any CPU.Build.0 = Release|Any CPU
	EndGlobalSection
	GlobalSection(SolutionProperties) = preSolution
		HideSolutionNode = FALSE
	EndGlobalSection
	GlobalSection(ExtensibilityGlobals) = postSolution
		SolutionGuid = {AD1F71D8-3072-45BB-933C-249D0AB78FA7}
	EndGlobalSection
EndGlobal
