
Microsoft Visual Studio Solution File, Format Version 12.00
# Visual Studio Version 17
VisualStudioVersion = 17.3.32819.101
MinimumVisualStudioVersion = 10.0.40219.1
Project("{9A19103F-16F7-4668-BE54-9A1E7A4F7556}") = "ApiCarpinteria", "ApiCarpinteria\ApiCarpinteria.csproj", "{24A58675-57B9-4043-B434-0B266396EEE7}"
EndProject
Project("{9A19103F-16F7-4668-BE54-9A1E7A4F7556}") = "DataAPI", "DataAPI\DataAPI.csproj", "{21B56C8E-615E-40A1-B11E-808FA71245BA}"
EndProject
Project("{FAE04EC0-301F-11D3-BF4B-00C04F79EFBC}") = "CarpinteriaFront", "CarpinteriaFront\CarpinteriaFront.csproj", "{6792C99F-416A-48FF-8443-F6CEFC038FAD}"
EndProject
Global
	GlobalSection(SolutionConfigurationPlatforms) = preSolution
		Debug|Any CPU = Debug|Any CPU
		Release|Any CPU = Release|Any CPU
	EndGlobalSection
	GlobalSection(ProjectConfigurationPlatforms) = postSolution
		{24A58675-57B9-4043-B434-0B266396EEE7}.Debug|Any CPU.ActiveCfg = Debug|Any CPU
		{24A58675-57B9-4043-B434-0B266396EEE7}.Debug|Any CPU.Build.0 = Debug|Any CPU
		{24A58675-57B9-4043-B434-0B266396EEE7}.Release|Any CPU.ActiveCfg = Release|Any CPU
		{24A58675-57B9-4043-B434-0B266396EEE7}.Release|Any CPU.Build.0 = Release|Any CPU
		{21B56C8E-615E-40A1-B11E-808FA71245BA}.Debug|Any CPU.ActiveCfg = Debug|Any CPU
		{21B56C8E-615E-40A1-B11E-808FA71245BA}.Debug|Any CPU.Build.0 = Debug|Any CPU
		{21B56C8E-615E-40A1-B11E-808FA71245BA}.Release|Any CPU.ActiveCfg = Release|Any CPU
		{21B56C8E-615E-40A1-B11E-808FA71245BA}.Release|Any CPU.Build.0 = Release|Any CPU
		{6792C99F-416A-48FF-8443-F6CEFC038FAD}.Debug|Any CPU.ActiveCfg = Debug|Any CPU
		{6792C99F-416A-48FF-8443-F6CEFC038FAD}.Debug|Any CPU.Build.0 = Debug|Any CPU
		{6792C99F-416A-48FF-8443-F6CEFC038FAD}.Release|Any CPU.ActiveCfg = Release|Any CPU
		{6792C99F-416A-48FF-8443-F6CEFC038FAD}.Release|Any CPU.Build.0 = Release|Any CPU
	EndGlobalSection
	GlobalSection(SolutionProperties) = preSolution
		HideSolutionNode = FALSE
	EndGlobalSection
	GlobalSection(ExtensibilityGlobals) = postSolution
		SolutionGuid = {23213B4E-777A-4D3D-8143-1DE91970386B}
	EndGlobalSection
EndGlobal
