
Microsoft Visual Studio Solution File, Format Version 12.00
# Visual Studio Version 17
VisualStudioVersion = 17.5.33414.496
MinimumVisualStudioVersion = 10.0.40219.1
Project("{FAE04EC0-301F-11D3-BF4B-00C04F79EFBC}") = "APIFechas", "APIFechas.csproj", "{8D01EB3B-091C-41C3-9D99-5B818D3D2CB7}"
EndProject
Global
	GlobalSection(SolutionConfigurationPlatforms) = preSolution
		Debug|Any CPU = Debug|Any CPU
		Release|Any CPU = Release|Any CPU
	EndGlobalSection
	GlobalSection(ProjectConfigurationPlatforms) = postSolution
		{8D01EB3B-091C-41C3-9D99-5B818D3D2CB7}.Debug|Any CPU.ActiveCfg = Debug|Any CPU
		{8D01EB3B-091C-41C3-9D99-5B818D3D2CB7}.Debug|Any CPU.Build.0 = Debug|Any CPU
		{8D01EB3B-091C-41C3-9D99-5B818D3D2CB7}.Release|Any CPU.ActiveCfg = Release|Any CPU
		{8D01EB3B-091C-41C3-9D99-5B818D3D2CB7}.Release|Any CPU.Build.0 = Release|Any CPU
	EndGlobalSection
	GlobalSection(SolutionProperties) = preSolution
		HideSolutionNode = FALSE
	EndGlobalSection
	GlobalSection(ExtensibilityGlobals) = postSolution
		SolutionGuid = {21E844F2-CD25-4203-875C-5C5CD66BCDF9}
	EndGlobalSection
EndGlobal
